
Microsoft Visual Studio Solution File, Format Version 12.00
# Visual Studio Version 17
VisualStudioVersion = 17.11.35222.181
MinimumVisualStudioVersion = 10.0.40219.1
Project("{FAE04EC0-301F-11D3-BF4B-00C04F79EFBC}") = "ASPProject", "ASPProject.csproj", "{625F97FB-6B37-4F7D-9220-45E0B0442324}"
EndProject
Global
	GlobalSection(SolutionConfigurationPlatforms) = preSolution
		Debug|Any CPU = Debug|Any CPU
		Release|Any CPU = Release|Any CPU
	EndGlobalSection
	GlobalSection(ProjectConfigurationPlatforms) = postSolution
		{625F97FB-6B37-4F7D-9220-45E0B0442324}.Debug|Any CPU.ActiveCfg = Debug|Any CPU
		{625F97FB-6B37-4F7D-9220-45E0B0442324}.Debug|Any CPU.Build.0 = Debug|Any CPU
		{625F97FB-6B37-4F7D-9220-45E0B0442324}.Release|Any CPU.ActiveCfg = Release|Any CPU
		{625F97FB-6B37-4F7D-9220-45E0B0442324}.Release|Any CPU.Build.0 = Release|Any CPU
	EndGlobalSection
	GlobalSection(SolutionProperties) = preSolution
		HideSolutionNode = FALSE
	EndGlobalSection
	GlobalSection(ExtensibilityGlobals) = postSolution
		SolutionGuid = {75A34940-6B31-462E-B53F-FD3BBD36C296}
	EndGlobalSection
EndGlobal
